{
  "name": "records-data",
  "version": "1.0.0",
  "lockfileVersion": 3,
  "requires": true,
  "packages": {
    "": {
      "name": "records-data",
      "version": "1.0.0",
      "license": "ISC",
      "devDependencies": {
        "records-data-api": "file:../records-api"
      }
    },
    "../records-api": {
      "name": "records-data-api",
      "version": "1.0.0",
      "dev": true,
      "license": "ISC"
    },
    "node_modules/records-data-api": {
      "resolved": "../records-api",
      "link": true
    }
  }
}
